{
	"lockfileVersion": 1,
	"dependencies": {
		"@material/animation": {
			"version": "0.25.0",
			"resolved": "https://artifacts.aue1d.saasure.com:443/artifactory/api/npm/npm-okta-master/@material/animation/-/animation-0.25.0.tgz",
			"integrity": "sha1-slKsPQtijnmnnwxAbXRw+1Y1KoA="
		},
		"@material/base": {
			"version": "0.24.0",
			"resolved": "https://artifacts.aue1d.saasure.com:443/artifactory/api/npm/npm-okta-master/@material/base/-/base-0.24.0.tgz",
			"integrity": "sha1-iIph5bZYDjWmY4Sp+IIwkbT+fFU="
		},
		"@material/button": {
			"version": "0.27.0",
			"resolved": "https://artifacts.aue1d.saasure.com:443/artifactory/api/npm/npm-okta-master/@material/button/-/button-0.27.0.tgz",
			"integrity": "sha1-VG4YhzJAQ7Jgfs07pmGwKe9skJs="
		},
		"@material/elevation": {
			"version": "0.25.0",
			"resolved": "https://artifacts.aue1d.saasure.com:443/artifactory/api/npm/npm-okta-master/@material/elevation/-/elevation-0.25.0.tgz",
			"integrity": "sha1-qxsizcbQyEDiw4njNMOUZqg5fJs=",
			"dependencies": {
				"@material/theme": {
					"version": "0.4.0",
					"resolved": "https://artifacts.aue1d.saasure.com:443/artifactory/api/npm/npm-okta-master/@material/theme/-/theme-0.4.0.tgz",
					"integrity": "sha1-Cu8aAnm2XBWZBYT7i47KCVxzRkE="
				}
			}
		},
		"@material/ripple": {
			"version": "0.27.0",
			"resolved": "https://artifacts.aue1d.saasure.com:443/artifactory/api/npm/npm-okta-master/@material/ripple/-/ripple-0.27.0.tgz",
			"integrity": "sha1-F074I0NOUWYt7HtLqfHXvHkF15s="
		},
		"@material/theme": {
			"version": "0.27.0",
			"resolved": "https://artifacts.aue1d.saasure.com:443/artifactory/api/npm/npm-okta-master/@material/theme/-/theme-0.27.0.tgz",
			"integrity": "sha1-Mv1yrd/sCb8i6D9m82p+u9wSNGE="
		},
		"@material/typography": {
			"version": "0.3.0",
			"resolved": "https://artifacts.aue1d.saasure.com:443/artifactory/api/npm/npm-okta-master/@material/typography/-/typography-0.3.0.tgz",
			"integrity": "sha1-+CjC0yFb/WbFgHJwm0JgxkElOQo="
		}
	}
}
